
Microsoft Visual Studio Solution File, Format Version 12.00
# Visual Studio Version 16
VisualStudioVersion = 16.0.31112.23
MinimumVisualStudioVersion = 10.0.40219.1
Project("{FAE04EC0-301F-11D3-BF4B-00C04F79EFBC}") = "SoftServe.AnalysisOfEnvelope", "SoftServe.AnalysisOfEnvelope\SoftServe.AnalysisOfEnvelope.csproj", "{D21B599F-8AFE-4A96-99B4-B0C765395241}"
EndProject
Global
	GlobalSection(SolutionConfigurationPlatforms) = preSolution
		Debug|Any CPU = Debug|Any CPU
		Release|Any CPU = Release|Any CPU
	EndGlobalSection
	GlobalSection(ProjectConfigurationPlatforms) = postSolution
		{D21B599F-8AFE-4A96-99B4-B0C765395241}.Debug|Any CPU.ActiveCfg = Debug|Any CPU
		{D21B599F-8AFE-4A96-99B4-B0C765395241}.Debug|Any CPU.Build.0 = Debug|Any CPU
		{D21B599F-8AFE-4A96-99B4-B0C765395241}.Release|Any CPU.ActiveCfg = Release|Any CPU
		{D21B599F-8AFE-4A96-99B4-B0C765395241}.Release|Any CPU.Build.0 = Release|Any CPU
	EndGlobalSection
	GlobalSection(SolutionProperties) = preSolution
		HideSolutionNode = FALSE
	EndGlobalSection
	GlobalSection(ExtensibilityGlobals) = postSolution
		SolutionGuid = {3B124AA7-B021-43E6-A19B-B80D3054D53E}
	EndGlobalSection
EndGlobal
