
Microsoft Visual Studio Solution File, Format Version 12.00
# Visual Studio Version 16
VisualStudioVersion = 16.0.31112.23
MinimumVisualStudioVersion = 10.0.40219.1
Project("{FAE04EC0-301F-11D3-BF4B-00C04F79EFBC}") = "SoftServe.EnvelopesAnalysator", "SoftServe.EnvelopesAnalysator\SoftServe.EnvelopesAnalysator.csproj", "{7FE3568F-E776-4E4E-93CD-D71B874B5EAF}"
EndProject
Project("{FAE04EC0-301F-11D3-BF4B-00C04F79EFBC}") = "SoftServe.EnvelopesAnalysatorView", "SoftServe.EnvelopesAnalysatorView\SoftServe.EnvelopesAnalysatorView.csproj", "{94EB4B4C-B7D8-4386-BF28-107FB5332A72}"
EndProject
Global
	GlobalSection(SolutionConfigurationPlatforms) = preSolution
		Debug|Any CPU = Debug|Any CPU
		Release|Any CPU = Release|Any CPU
	EndGlobalSection
	GlobalSection(ProjectConfigurationPlatforms) = postSolution
		{7FE3568F-E776-4E4E-93CD-D71B874B5EAF}.Debug|Any CPU.ActiveCfg = Debug|Any CPU
		{7FE3568F-E776-4E4E-93CD-D71B874B5EAF}.Debug|Any CPU.Build.0 = Debug|Any CPU
		{7FE3568F-E776-4E4E-93CD-D71B874B5EAF}.Release|Any CPU.ActiveCfg = Release|Any CPU
		{7FE3568F-E776-4E4E-93CD-D71B874B5EAF}.Release|Any CPU.Build.0 = Release|Any CPU
		{94EB4B4C-B7D8-4386-BF28-107FB5332A72}.Debug|Any CPU.ActiveCfg = Debug|Any CPU
		{94EB4B4C-B7D8-4386-BF28-107FB5332A72}.Debug|Any CPU.Build.0 = Debug|Any CPU
		{94EB4B4C-B7D8-4386-BF28-107FB5332A72}.Release|Any CPU.ActiveCfg = Release|Any CPU
		{94EB4B4C-B7D8-4386-BF28-107FB5332A72}.Release|Any CPU.Build.0 = Release|Any CPU
	EndGlobalSection
	GlobalSection(SolutionProperties) = preSolution
		HideSolutionNode = FALSE
	EndGlobalSection
	GlobalSection(ExtensibilityGlobals) = postSolution
		SolutionGuid = {AE99EB73-D9B7-4004-91DD-36EBFBE2932C}
	EndGlobalSection
EndGlobal
